
Microsoft Visual Studio Solution File, Format Version 11.00
# Visual Studio 2010
Project("{FAE04EC0-301F-11D3-BF4B-00C04F79EFBC}") = "Timelapse_API", "Timelapse_API\Timelapse_API.csproj", "{520BF17D-2712-4A53-8612-CC2BA57EC1C2}"
EndProject
Project("{FAE04EC0-301F-11D3-BF4B-00C04F79EFBC}") = "Timelapse_UI", "UI\Timelapse_UI.csproj", "{3B68D43B-7477-41FD-948E-3ACD77C5C337}"
EndProject
Project("{FAE04EC0-301F-11D3-BF4B-00C04F79EFBC}") = "LapseStudioGtkUI", "LapseStudioGtkUI\LapseStudioGtkUI.csproj", "{FD96B06C-EDC3-4407-986B-122258B13BC1}"
EndProject
Project("{FAE04EC0-301F-11D3-BF4B-00C04F79EFBC}") = "LapseStudioMacUI", "LapseStudioMacUI\LapseStudioMacUI.csproj", "{C5451523-B066-48ED-ACDD-3BF9D40B7CA7}"
EndProject
Project("{FAE04EC0-301F-11D3-BF4B-00C04F79EFBC}") = "LapseStudioWinFormsUI", "LapseStudioWinFormsUI\LapseStudioWinFormsUI.csproj", "{C150714A-F94E-418B-9059-08226216FD78}"
EndProject
Project("{FAE04EC0-301F-11D3-BF4B-00C04F79EFBC}") = "HelpAppUI", "HelpAppUI\HelpAppUI.csproj", "{33DB1A8E-741B-439A-AB53-D8F9088F6D01}"
EndProject
Global
	GlobalSection(SolutionConfigurationPlatforms) = preSolution
		AppStore|Any CPU = AppStore|Any CPU
		AppStore|Mixed Platforms = AppStore|Mixed Platforms
		AppStore|x86 = AppStore|x86
		Debug|Any CPU = Debug|Any CPU
		Debug|Mixed Platforms = Debug|Mixed Platforms
		Debug|x86 = Debug|x86
		Release|Any CPU = Release|Any CPU
		Release|Mixed Platforms = Release|Mixed Platforms
		Release|x86 = Release|x86
	EndGlobalSection
	GlobalSection(ProjectConfigurationPlatforms) = postSolution
		{33DB1A8E-741B-439A-AB53-D8F9088F6D01}.AppStore|Any CPU.ActiveCfg = Debug|Any CPU
		{33DB1A8E-741B-439A-AB53-D8F9088F6D01}.AppStore|Any CPU.Build.0 = Debug|Any CPU
		{33DB1A8E-741B-439A-AB53-D8F9088F6D01}.AppStore|Mixed Platforms.ActiveCfg = Release|Any CPU
		{33DB1A8E-741B-439A-AB53-D8F9088F6D01}.AppStore|Mixed Platforms.Build.0 = Release|Any CPU
		{33DB1A8E-741B-439A-AB53-D8F9088F6D01}.AppStore|x86.ActiveCfg = Release|Any CPU
		{33DB1A8E-741B-439A-AB53-D8F9088F6D01}.AppStore|x86.Build.0 = Release|Any CPU
		{33DB1A8E-741B-439A-AB53-D8F9088F6D01}.Debug|Any CPU.ActiveCfg = Debug|Any CPU
		{33DB1A8E-741B-439A-AB53-D8F9088F6D01}.Debug|Any CPU.Build.0 = Debug|Any CPU
		{33DB1A8E-741B-439A-AB53-D8F9088F6D01}.Debug|Mixed Platforms.ActiveCfg = Debug|Any CPU
		{33DB1A8E-741B-439A-AB53-D8F9088F6D01}.Debug|Mixed Platforms.Build.0 = Debug|Any CPU
		{33DB1A8E-741B-439A-AB53-D8F9088F6D01}.Debug|x86.ActiveCfg = Debug|Any CPU
		{33DB1A8E-741B-439A-AB53-D8F9088F6D01}.Debug|x86.Build.0 = Debug|Any CPU
		{33DB1A8E-741B-439A-AB53-D8F9088F6D01}.Release|Any CPU.ActiveCfg = Release|Any CPU
		{33DB1A8E-741B-439A-AB53-D8F9088F6D01}.Release|Any CPU.Build.0 = Release|Any CPU
		{33DB1A8E-741B-439A-AB53-D8F9088F6D01}.Release|Mixed Platforms.ActiveCfg = Release|Any CPU
		{33DB1A8E-741B-439A-AB53-D8F9088F6D01}.Release|Mixed Platforms.Build.0 = Release|Any CPU
		{33DB1A8E-741B-439A-AB53-D8F9088F6D01}.Release|x86.ActiveCfg = Release|Any CPU
		{33DB1A8E-741B-439A-AB53-D8F9088F6D01}.Release|x86.Build.0 = Release|Any CPU
		{3B68D43B-7477-41FD-948E-3ACD77C5C337}.AppStore|Any CPU.ActiveCfg = Debug|Any CPU
		{3B68D43B-7477-41FD-948E-3ACD77C5C337}.AppStore|Any CPU.Build.0 = Debug|Any CPU
		{3B68D43B-7477-41FD-948E-3ACD77C5C337}.AppStore|Mixed Platforms.ActiveCfg = Release|Any CPU
		{3B68D43B-7477-41FD-948E-3ACD77C5C337}.AppStore|x86.ActiveCfg = Release|Any CPU
		{3B68D43B-7477-41FD-948E-3ACD77C5C337}.Debug|Any CPU.ActiveCfg = Debug|Any CPU
		{3B68D43B-7477-41FD-948E-3ACD77C5C337}.Debug|Any CPU.Build.0 = Debug|Any CPU
		{3B68D43B-7477-41FD-948E-3ACD77C5C337}.Debug|Mixed Platforms.ActiveCfg = Debug|Any CPU
		{3B68D43B-7477-41FD-948E-3ACD77C5C337}.Debug|Mixed Platforms.Build.0 = Debug|Any CPU
		{3B68D43B-7477-41FD-948E-3ACD77C5C337}.Debug|x86.ActiveCfg = Debug|Any CPU
		{3B68D43B-7477-41FD-948E-3ACD77C5C337}.Release|Any CPU.ActiveCfg = Release|Any CPU
		{3B68D43B-7477-41FD-948E-3ACD77C5C337}.Release|Any CPU.Build.0 = Release|Any CPU
		{3B68D43B-7477-41FD-948E-3ACD77C5C337}.Release|Mixed Platforms.ActiveCfg = Release|Any CPU
		{3B68D43B-7477-41FD-948E-3ACD77C5C337}.Release|Mixed Platforms.Build.0 = Release|Any CPU
		{3B68D43B-7477-41FD-948E-3ACD77C5C337}.Release|x86.ActiveCfg = Release|Any CPU
		{520BF17D-2712-4A53-8612-CC2BA57EC1C2}.AppStore|Any CPU.ActiveCfg = Debug|Any CPU
		{520BF17D-2712-4A53-8612-CC2BA57EC1C2}.AppStore|Any CPU.Build.0 = Debug|Any CPU
		{520BF17D-2712-4A53-8612-CC2BA57EC1C2}.AppStore|Mixed Platforms.ActiveCfg = Release|Any CPU
		{520BF17D-2712-4A53-8612-CC2BA57EC1C2}.AppStore|x86.ActiveCfg = Release|Any CPU
		{520BF17D-2712-4A53-8612-CC2BA57EC1C2}.Debug|Any CPU.ActiveCfg = Debug|Any CPU
		{520BF17D-2712-4A53-8612-CC2BA57EC1C2}.Debug|Any CPU.Build.0 = Debug|Any CPU
		{520BF17D-2712-4A53-8612-CC2BA57EC1C2}.Debug|Mixed Platforms.ActiveCfg = Debug|Any CPU
		{520BF17D-2712-4A53-8612-CC2BA57EC1C2}.Debug|Mixed Platforms.Build.0 = Debug|Any CPU
		{520BF17D-2712-4A53-8612-CC2BA57EC1C2}.Debug|x86.ActiveCfg = Debug|Any CPU
		{520BF17D-2712-4A53-8612-CC2BA57EC1C2}.Release|Any CPU.ActiveCfg = Release|Any CPU
		{520BF17D-2712-4A53-8612-CC2BA57EC1C2}.Release|Any CPU.Build.0 = Release|Any CPU
		{520BF17D-2712-4A53-8612-CC2BA57EC1C2}.Release|Mixed Platforms.ActiveCfg = Release|Any CPU
		{520BF17D-2712-4A53-8612-CC2BA57EC1C2}.Release|Mixed Platforms.Build.0 = Release|Any CPU
		{520BF17D-2712-4A53-8612-CC2BA57EC1C2}.Release|x86.ActiveCfg = Release|Any CPU
		{C150714A-F94E-418B-9059-08226216FD78}.AppStore|Any CPU.ActiveCfg = Release|Any CPU
		{C150714A-F94E-418B-9059-08226216FD78}.AppStore|Any CPU.Build.0 = Release|Any CPU
		{C150714A-F94E-418B-9059-08226216FD78}.AppStore|Mixed Platforms.ActiveCfg = Release|Any CPU
		{C150714A-F94E-418B-9059-08226216FD78}.AppStore|Mixed Platforms.Build.0 = Release|Any CPU
		{C150714A-F94E-418B-9059-08226216FD78}.AppStore|x86.ActiveCfg = Release|Any CPU
		{C150714A-F94E-418B-9059-08226216FD78}.Debug|Any CPU.ActiveCfg = Debug|Any CPU
		{C150714A-F94E-418B-9059-08226216FD78}.Debug|Any CPU.Build.0 = Debug|Any CPU
		{C150714A-F94E-418B-9059-08226216FD78}.Debug|Mixed Platforms.ActiveCfg = Debug|Any CPU
		{C150714A-F94E-418B-9059-08226216FD78}.Debug|Mixed Platforms.Build.0 = Debug|Any CPU
		{C150714A-F94E-418B-9059-08226216FD78}.Debug|x86.ActiveCfg = Debug|Any CPU
		{C150714A-F94E-418B-9059-08226216FD78}.Release|Any CPU.ActiveCfg = Release|Any CPU
		{C150714A-F94E-418B-9059-08226216FD78}.Release|Any CPU.Build.0 = Release|Any CPU
		{C150714A-F94E-418B-9059-08226216FD78}.Release|Mixed Platforms.ActiveCfg = Release|Any CPU
		{C150714A-F94E-418B-9059-08226216FD78}.Release|Mixed Platforms.Build.0 = Release|Any CPU
		{C150714A-F94E-418B-9059-08226216FD78}.Release|x86.ActiveCfg = Release|Any CPU
		{C5451523-B066-48ED-ACDD-3BF9D40B7CA7}.AppStore|Any CPU.ActiveCfg = AppStore|Any CPU
		{C5451523-B066-48ED-ACDD-3BF9D40B7CA7}.AppStore|Any CPU.Build.0 = AppStore|Any CPU
		{C5451523-B066-48ED-ACDD-3BF9D40B7CA7}.AppStore|Mixed Platforms.ActiveCfg = AppStore|Any CPU
		{C5451523-B066-48ED-ACDD-3BF9D40B7CA7}.AppStore|x86.ActiveCfg = AppStore|Any CPU
		{C5451523-B066-48ED-ACDD-3BF9D40B7CA7}.Debug|Any CPU.ActiveCfg = Debug|Any CPU
		{C5451523-B066-48ED-ACDD-3BF9D40B7CA7}.Debug|Any CPU.Build.0 = Debug|Any CPU
		{C5451523-B066-48ED-ACDD-3BF9D40B7CA7}.Debug|Mixed Platforms.ActiveCfg = Debug|Any CPU
		{C5451523-B066-48ED-ACDD-3BF9D40B7CA7}.Debug|Mixed Platforms.Build.0 = Debug|Any CPU
		{C5451523-B066-48ED-ACDD-3BF9D40B7CA7}.Debug|x86.ActiveCfg = Debug|Any CPU
		{C5451523-B066-48ED-ACDD-3BF9D40B7CA7}.Debug|x86.Build.0 = Debug|Any CPU
		{C5451523-B066-48ED-ACDD-3BF9D40B7CA7}.Release|Any CPU.ActiveCfg = Release|Any CPU
		{C5451523-B066-48ED-ACDD-3BF9D40B7CA7}.Release|Any CPU.Build.0 = Release|Any CPU
		{C5451523-B066-48ED-ACDD-3BF9D40B7CA7}.Release|Mixed Platforms.ActiveCfg = Release|Any CPU
		{C5451523-B066-48ED-ACDD-3BF9D40B7CA7}.Release|Mixed Platforms.Build.0 = Release|Any CPU
		{C5451523-B066-48ED-ACDD-3BF9D40B7CA7}.Release|x86.ActiveCfg = Release|Any CPU
		{C5451523-B066-48ED-ACDD-3BF9D40B7CA7}.Release|x86.Build.0 = Release|Any CPU
		{FD96B06C-EDC3-4407-986B-122258B13BC1}.AppStore|Any CPU.ActiveCfg = Debug|Any CPU
		{FD96B06C-EDC3-4407-986B-122258B13BC1}.AppStore|Any CPU.Build.0 = Debug|Any CPU
		{FD96B06C-EDC3-4407-986B-122258B13BC1}.AppStore|Mixed Platforms.ActiveCfg = Release|Any CPU
		{FD96B06C-EDC3-4407-986B-122258B13BC1}.AppStore|x86.ActiveCfg = Release|Any CPU
		{FD96B06C-EDC3-4407-986B-122258B13BC1}.Debug|Any CPU.ActiveCfg = Debug|Any CPU
		{FD96B06C-EDC3-4407-986B-122258B13BC1}.Debug|Any CPU.Build.0 = Debug|Any CPU
		{FD96B06C-EDC3-4407-986B-122258B13BC1}.Debug|Mixed Platforms.ActiveCfg = Debug|Any CPU
		{FD96B06C-EDC3-4407-986B-122258B13BC1}.Debug|Mixed Platforms.Build.0 = Debug|Any CPU
		{FD96B06C-EDC3-4407-986B-122258B13BC1}.Debug|x86.ActiveCfg = Debug|Any CPU
		{FD96B06C-EDC3-4407-986B-122258B13BC1}.Debug|x86.Build.0 = Debug|Any CPU
		{FD96B06C-EDC3-4407-986B-122258B13BC1}.Release|Any CPU.ActiveCfg = Release|Any CPU
		{FD96B06C-EDC3-4407-986B-122258B13BC1}.Release|Any CPU.Build.0 = Release|Any CPU
		{FD96B06C-EDC3-4407-986B-122258B13BC1}.Release|Mixed Platforms.ActiveCfg = Release|Any CPU
		{FD96B06C-EDC3-4407-986B-122258B13BC1}.Release|Mixed Platforms.Build.0 = Release|Any CPU
		{FD96B06C-EDC3-4407-986B-122258B13BC1}.Release|x86.ActiveCfg = Release|Any CPU
		{FD96B06C-EDC3-4407-986B-122258B13BC1}.Release|x86.Build.0 = Release|Any CPU
	EndGlobalSection
	GlobalSection(MonoDevelopProperties) = preSolution
		StartupItem = LapseStudioGtkUI\LapseStudioGtkUI.csproj
		Policies = $0
		$0.VersionControlPolicy = $1
		$1.inheritsSet = Mono
		$0.ChangeLogPolicy = $2
		$2.UpdateMode = None
		$2.MessageStyle = $3
		$3.LineAlign = 0
		$2.inheritsSet = Mono
	EndGlobalSection
	GlobalSection(SolutionProperties) = preSolution
		HideSolutionNode = FALSE
	EndGlobalSection
EndGlobal
